
Microsoft Visual Studio Solution File, Format Version 11.00
# Visual Studio 2010
Project("{FAE04EC0-301F-11D3-BF4B-00C04F79EFBC}") = "Assembly-CSharp", "Assembly-CSharp.csproj", "{F226D924-10C7-2BEA-74B0-DC94F1360EDE}"
EndProject
Global
	GlobalSection(SolutionConfigurationPlatforms) = preSolution
		Debug|Any CPU = Debug|Any CPU
		Release|Any CPU = Release|Any CPU
	EndGlobalSection
	GlobalSection(ProjectConfigurationPlatforms) = postSolution
		{F226D924-10C7-2BEA-74B0-DC94F1360EDE}.Debug|Any CPU.ActiveCfg = Debug|Any CPU
		{F226D924-10C7-2BEA-74B0-DC94F1360EDE}.Debug|Any CPU.Build.0 = Debug|Any CPU
		{F226D924-10C7-2BEA-74B0-DC94F1360EDE}.Release|Any CPU.ActiveCfg = Release|Any CPU
		{F226D924-10C7-2BEA-74B0-DC94F1360EDE}.Release|Any CPU.Build.0 = Release|Any CPU
	EndGlobalSection
	GlobalSection(SolutionProperties) = preSolution
		HideSolutionNode = FALSE
	EndGlobalSection
EndGlobal
